
Microsoft Visual Studio Solution File, Format Version 12.00
# Visual Studio Version 17
VisualStudioVersion = 17.9.34728.123
MinimumVisualStudioVersion = 10.0.40219.1
Project("{FAE04EC0-301F-11D3-BF4B-00C04F79EFBC}") = "SemesterTest_104848770", "SemesterTest_104848770.csproj", "{ED695F7E-7ADA-412D-B7D3-2011B20D1772}"
EndProject
Global
	GlobalSection(SolutionConfigurationPlatforms) = preSolution
		Debug|Any CPU = Debug|Any CPU
		Release|Any CPU = Release|Any CPU
	EndGlobalSection
	GlobalSection(ProjectConfigurationPlatforms) = postSolution
		{ED695F7E-7ADA-412D-B7D3-2011B20D1772}.Debug|Any CPU.ActiveCfg = Debug|Any CPU
		{ED695F7E-7ADA-412D-B7D3-2011B20D1772}.Debug|Any CPU.Build.0 = Debug|Any CPU
		{ED695F7E-7ADA-412D-B7D3-2011B20D1772}.Release|Any CPU.ActiveCfg = Release|Any CPU
		{ED695F7E-7ADA-412D-B7D3-2011B20D1772}.Release|Any CPU.Build.0 = Release|Any CPU
	EndGlobalSection
	GlobalSection(SolutionProperties) = preSolution
		HideSolutionNode = FALSE
	EndGlobalSection
	GlobalSection(ExtensibilityGlobals) = postSolution
		SolutionGuid = {C76D6D5B-CF19-4DAF-8FC3-5B4B68169761}
	EndGlobalSection
EndGlobal
