
Microsoft Visual Studio Solution File, Format Version 12.00
# Visual Studio Version 17
VisualStudioVersion = 17.9.34728.123
MinimumVisualStudioVersion = 10.0.40219.1
Project("{FAE04EC0-301F-11D3-BF4B-00C04F79EFBC}") = "Iteration1", "Iteration1.csproj", "{6EC09302-0387-406A-A160-0D8F63975608}"
EndProject
Project("{FAE04EC0-301F-11D3-BF4B-00C04F79EFBC}") = "TestIdentifiableObject", "..\TestIdentifiableObject\TestIdentifiableObject.csproj", "{3A54103C-443C-47E1-9628-DB9E364C74D0}"
EndProject
Global
	GlobalSection(SolutionConfigurationPlatforms) = preSolution
		Debug|Any CPU = Debug|Any CPU
		Release|Any CPU = Release|Any CPU
	EndGlobalSection
	GlobalSection(ProjectConfigurationPlatforms) = postSolution
		{6EC09302-0387-406A-A160-0D8F63975608}.Debug|Any CPU.ActiveCfg = Debug|Any CPU
		{6EC09302-0387-406A-A160-0D8F63975608}.Debug|Any CPU.Build.0 = Debug|Any CPU
		{6EC09302-0387-406A-A160-0D8F63975608}.Release|Any CPU.ActiveCfg = Release|Any CPU
		{6EC09302-0387-406A-A160-0D8F63975608}.Release|Any CPU.Build.0 = Release|Any CPU
		{3A54103C-443C-47E1-9628-DB9E364C74D0}.Debug|Any CPU.ActiveCfg = Debug|Any CPU
		{3A54103C-443C-47E1-9628-DB9E364C74D0}.Debug|Any CPU.Build.0 = Debug|Any CPU
		{3A54103C-443C-47E1-9628-DB9E364C74D0}.Release|Any CPU.ActiveCfg = Release|Any CPU
		{3A54103C-443C-47E1-9628-DB9E364C74D0}.Release|Any CPU.Build.0 = Release|Any CPU
	EndGlobalSection
	GlobalSection(SolutionProperties) = preSolution
		HideSolutionNode = FALSE
	EndGlobalSection
	GlobalSection(ExtensibilityGlobals) = postSolution
		SolutionGuid = {807A5097-D76F-401F-9D13-B2FA47DB712B}
	EndGlobalSection
EndGlobal
