
Microsoft Visual Studio Solution File, Format Version 12.00
# Visual Studio Version 17
VisualStudioVersion = 17.9.34728.123
MinimumVisualStudioVersion = 10.0.40219.1
Project("{FAE04EC0-301F-11D3-BF4B-00C04F79EFBC}") = "VisualStudioInstallation", "VisualStudioInstallation\VisualStudioInstallation.csproj", "{F1977A39-B30C-4521-AFE5-4B2CCA8333F8}"
EndProject
Global
	GlobalSection(SolutionConfigurationPlatforms) = preSolution
		Debug|Any CPU = Debug|Any CPU
		Release|Any CPU = Release|Any CPU
	EndGlobalSection
	GlobalSection(ProjectConfigurationPlatforms) = postSolution
		{F1977A39-B30C-4521-AFE5-4B2CCA8333F8}.Debug|Any CPU.ActiveCfg = Debug|Any CPU
		{F1977A39-B30C-4521-AFE5-4B2CCA8333F8}.Debug|Any CPU.Build.0 = Debug|Any CPU
		{F1977A39-B30C-4521-AFE5-4B2CCA8333F8}.Release|Any CPU.ActiveCfg = Release|Any CPU
		{F1977A39-B30C-4521-AFE5-4B2CCA8333F8}.Release|Any CPU.Build.0 = Release|Any CPU
	EndGlobalSection
	GlobalSection(SolutionProperties) = preSolution
		HideSolutionNode = FALSE
	EndGlobalSection
	GlobalSection(ExtensibilityGlobals) = postSolution
		SolutionGuid = {05F6F002-8DDE-4C23-AFAE-39C07FDE28C0}
	EndGlobalSection
EndGlobal
